// !$*UTF8*$!
{
	archiveVersion = 1;
	classes = {
	};
	objectVersion = 50;
	objects = {

/* Begin PBXBuildFile section */
		EF09489D21875E160092D13F /* Realm.framework in Frameworks */ = {isa = PBXBuildFile; fileRef = EF09489B21875E150092D13F /* Realm.framework */; };
		EF09489E21875E160092D13F /* Realm.framework in Embed Frameworks */ = {isa = PBXBuildFile; fileRef = EF09489B21875E150092D13F /* Realm.framework */; settings = {ATTRIBUTES = (CodeSignOnCopy, RemoveHeadersOnCopy, ); }; };
		EF09489F21875E160092D13F /* RealmSwift.framework in Frameworks */ = {isa = PBXBuildFile; fileRef = EF09489C21875E150092D13F /* RealmSwift.framework */; };
		EF0948A021875E160092D13F /* RealmSwift.framework in Embed Frameworks */ = {isa = PBXBuildFile; fileRef = EF09489C21875E150092D13F /* RealmSwift.framework */; settings = {ATTRIBUTES = (CodeSignOnCopy, RemoveHeadersOnCopy, ); }; };
		EF0948A32187C7060092D13F /* DBModel.swift in Sources */ = {isa = PBXBuildFile; fileRef = EF0948A22187C7060092D13F /* DBModel.swift */; };
		EF7EF49D21873AB8005053CE /* AppDelegate.swift in Sources */ = {isa = PBXBuildFile; fileRef = EF7EF49C21873AB8005053CE /* AppDelegate.swift */; };
		EF7EF49F21873AB8005053CE /* ViewController.swift in Sources */ = {isa = PBXBuildFile; fileRef = EF7EF49E21873AB8005053CE /* ViewController.swift */; };
		EF7EF4A221873AB8005053CE /* Main.storyboard in Resources */ = {isa = PBXBuildFile; fileRef = EF7EF4A021873AB8005053CE /* Main.storyboard */; };
		EF7EF4A421873ABD005053CE /* Assets.xcassets in Resources */ = {isa = PBXBuildFile; fileRef = EF7EF4A321873ABD005053CE /* Assets.xcassets */; };
		EF7EF4A721873ABD005053CE /* LaunchScreen.storyboard in Resources */ = {isa = PBXBuildFile; fileRef = EF7EF4A521873ABD005053CE /* LaunchScreen.storyboard */; };
/* End PBXBuildFile section */

/* Begin PBXCopyFilesBuildPhase section */
		EF0948A121875E160092D13F /* Embed Frameworks */ = {
			isa = PBXCopyFilesBuildPhase;
			buildActionMask = 2147483647;
			dstPath = "";
			dstSubfolderSpec = 10;
			files = (
				EF0948A021875E160092D13F /* RealmSwift.framework in Embed Frameworks */,
				EF09489E21875E160092D13F /* Realm.framework in Embed Frameworks */,
			);
			name = "Embed Frameworks";
			runOnlyForDeploymentPostprocessing = 0;
		};
/* End PBXCopyFilesBuildPhase section */

/* Begin PBXFileReference section */
		EF09489B21875E150092D13F /* Realm.framework */ = {isa = PBXFileReference; lastKnownFileType = wrapper.framework; name = Realm.framework; path = Carthage/Build/iOS/Realm.framework; sourceTree = "<group>"; };
		EF09489C21875E150092D13F /* RealmSwift.framework */ = {isa = PBXFileReference; lastKnownFileType = wrapper.framework; name = RealmSwift.framework; path = Carthage/Build/iOS/RealmSwift.framework; sourceTree = "<group>"; };
		EF0948A22187C7060092D13F /* DBModel.swift */ = {isa = PBXFileReference; lastKnownFileType = sourcecode.swift; path = DBModel.swift; sourceTree = "<group>"; };
		EF7EF49921873AB8005053CE /* testRealm1029.app */ = {isa = PBXFileReference; explicitFileType = wrapper.application; includeInIndex = 0; path = testRealm1029.app; sourceTree = BUILT_PRODUCTS_DIR; };
		EF7EF49C21873AB8005053CE /* AppDelegate.swift */ = {isa = PBXFileReference; lastKnownFileType = sourcecode.swift; path = AppDelegate.swift; sourceTree = "<group>"; };
		EF7EF49E21873AB8005053CE /* ViewController.swift */ = {isa = PBXFileReference; lastKnownFileType = sourcecode.swift; path = ViewController.swift; sourceTree = "<group>"; };
		EF7EF4A121873AB8005053CE /* Base */ = {isa = PBXFileReference; lastKnownFileType = file.storyboard; name = Base; path = Base.lproj/Main.storyboard; sourceTree = "<group>"; };
		EF7EF4A321873ABD005053CE /* Assets.xcassets */ = {isa = PBXFileReference; lastKnownFileType = folder.assetcatalog; path = Assets.xcassets; sourceTree = "<group>"; };
		EF7EF4A621873ABD005053CE /* Base */ = {isa = PBXFileReference; lastKnownFileType = file.storyboard; name = Base; path = Base.lproj/LaunchScreen.storyboard; sourceTree = "<group>"; };
		EF7EF4A821873ABD005053CE /* Info.plist */ = {isa = PBXFileReference; lastKnownFileType = text.plist.xml; path = Info.plist; sourceTree = "<group>"; };
/* End PBXFileReference section */

/* Begin PBXFrameworksBuildPhase section */
		EF7EF49621873AB8005053CE /* Frameworks */ = {
			isa = PBXFrameworksBuildPhase;
			buildActionMask = 2147483647;
			files = (
				EF09489F21875E160092D13F /* RealmSwift.framework in Frameworks */,
				EF09489D21875E160092D13F /* Realm.framework in Frameworks */,
			);
			runOnlyForDeploymentPostprocessing = 0;
		};
/* End PBXFrameworksBuildPhase section */

/* Begin PBXGroup section */
		EF7EF49021873AB7005053CE = {
			isa = PBXGroup;
			children = (
				EF09489B21875E150092D13F /* Realm.framework */,
				EF09489C21875E150092D13F /* RealmSwift.framework */,
				EF7EF49B21873AB8005053CE /* testRealm1029 */,
				EF7EF49A21873AB8005053CE /* Products */,
			);
			sourceTree = "<group>";
		};
		EF7EF49A21873AB8005053CE /* Products */ = {
			isa = PBXGroup;
			children = (
				EF7EF49921873AB8005053CE /* testRealm1029.app */,
			);
			name = Products;
			sourceTree = "<group>";
		};
		EF7EF49B21873AB8005053CE /* testRealm1029 */ = {
			isa = PBXGroup;
			children = (
				EF7EF49C21873AB8005053CE /* AppDelegate.swift */,
				EF7EF49E21873AB8005053CE /* ViewController.swift */,
				EF7EF4A021873AB8005053CE /* Main.storyboard */,
				EF7EF4A321873ABD005053CE /* Assets.xcassets */,
				EF7EF4A521873ABD005053CE /* LaunchScreen.storyboard */,
				EF7EF4A821873ABD005053CE /* Info.plist */,
				EF0948A22187C7060092D13F /* DBModel.swift */,
			);
			path = testRealm1029;
			sourceTree = "<group>";
		};
/* End PBXGroup section */

/* Begin PBXNativeTarget section */
		EF7EF49821873AB8005053CE /* testRealm1029 */ = {
			isa = PBXNativeTarget;
			buildConfigurationList = EF7EF4AB21873ABD005053CE /* Build configuration list for PBXNativeTarget "testRealm1029" */;
			buildPhases = (
				EF7EF49521873AB8005053CE /* Sources */,
				EF7EF49621873AB8005053CE /* Frameworks */,
				EF7EF49721873AB8005053CE /* Resources */,
				EF0948A121875E160092D13F /* Embed Frameworks */,
			);
			buildRules = (
			);
			dependencies = (
			);
			name = testRealm1029;
			productName = testRealm1029;
			productReference = EF7EF49921873AB8005053CE /* testRealm1029.app */;
			productType = "com.apple.product-type.application";
		};
/* End PBXNativeTarget section */

/* Begin PBXProject section */
		EF7EF49121873AB8005053CE /* Project object */ = {
			isa = PBXProject;
			attributes = {
				LastSwiftUpdateCheck = 1000;
				LastUpgradeCheck = 1000;
				ORGANIZATIONNAME = "yutaka takagaki";
				TargetAttributes = {
					EF7EF49821873AB8005053CE = {
						CreatedOnToolsVersion = 10.0;
					};
				};
			};
			buildConfigurationList = EF7EF49421873AB8005053CE /* Build configuration list for PBXProject "testRealm1029" */;
			compatibilityVersion = "Xcode 9.3";
			developmentRegion = en;
			hasScannedForEncodings = 0;
			knownRegions = (
				en,
				Base,
			);
			mainGroup = EF7EF49021873AB7005053CE;
			productRefGroup = EF7EF49A21873AB8005053CE /* Products */;
			projectDirPath = "";
			projectRoot = "";
			targets = (
				EF7EF49821873AB8005053CE /* testRealm1029 */,
			);
		};
/* End PBXProject section */

/* Begin PBXResourcesBuildPhase section */
		EF7EF49721873AB8005053CE /* Resources */ = {
			isa = PBXResourcesBuildPhase;
			buildActionMask = 2147483647;
			files = (
				EF7EF4A721873ABD005053CE /* LaunchScreen.storyboard in Resources */,
				EF7EF4A421873ABD005053CE /* Assets.xcassets in Resources */,
				EF7EF4A221873AB8005053CE /* Main.storyboard in Resources */,
			);
			runOnlyForDeploymentPostprocessing = 0;
		};
/* End PBXResourcesBuildPhase section */

/* Begin PBXSourcesBuildPhase section */
		EF7EF49521873AB8005053CE /* Sources */ = {
			isa = PBXSourcesBuildPhase;
			buildActionMask = 2147483647;
			files = (
				EF7EF49F21873AB8005053CE /* ViewController.swift in Sources */,
				EF7EF49D21873AB8005053CE /* AppDelegate.swift in Sources */,
				EF0948A32187C7060092D13F /* DBModel.swift in Sources */,
			);
			runOnlyForDeploymentPostprocessing = 0;
		};
/* End PBXSourcesBuildPhase section */

/* Begin PBXVariantGroup section */
		EF7EF4A021873AB8005053CE /* Main.storyboard */ = {
			isa = PBXVariantGroup;
			children = (
				EF7EF4A121873AB8005053CE /* Base */,
			);
			name = Main.storyboard;
			sourceTree = "<group>";
		};
		EF7EF4A521873ABD005053CE /* LaunchScreen.storyboard */ = {
			isa = PBXVariantGroup;
			children = (
				EF7EF4A621873ABD005053CE /* Base */,
			);
			name = LaunchScreen.storyboard;
			sourceTree = "<group>";
		};
/* End PBXVariantGroup section */

/* Begin XCBuildConfiguration section */
		EF7EF4A921873ABD005053CE /* Debug */ = {
			isa = XCBuildConfiguration;
			buildSettings = {
				ALWAYS_SEARCH_USER_PATHS = NO;
				CLANG_ANALYZER_NONNULL = YES;
				CLANG_ANALYZER_NUMBER_OBJECT_CONVERSION = YES_AGGRESSIVE;
				CLANG_CXX_LANGUAGE_STANDARD = "gnu++14";
				CLANG_CXX_LIBRARY = "libc++";
				CLANG_ENABLE_MODULES = YES;
				CLANG_ENABLE_OBJC_ARC = YES;
				CLANG_ENABLE_OBJC_WEAK = YES;
				CLANG_WARN_BLOCK_CAPTURE_AUTORELEASING = YES;
				CLANG_WARN_BOOL_CONVERSION = YES;
				CLANG_WARN_COMMA = YES;
				CLANG_WARN_CONSTANT_CONVERSION = YES;
				CLANG_WARN_DEPRECATED_OBJC_IMPLEMENTATIONS = YES;
				CLANG_WARN_DIRECT_OBJC_ISA_USAGE = YES_ERROR;
				CLANG_WARN_DOCUMENTATION_COMMENTS = YES;
				CLANG_WARN_EMPTY_BODY = YES;
				CLANG_WARN_ENUM_CONVERSION = YES;
				CLANG_WARN_INFINITE_RECURSION = YES;
				CLANG_WARN_INT_CONVERSION = YES;
				CLANG_WARN_NON_LITERAL_NULL_CONVERSION = YES;
				CLANG_WARN_OBJC_IMPLICIT_RETAIN_SELF = YES;
				CLANG_WARN_OBJC_LITERAL_CONVERSION = YES;
				CLANG_WARN_OBJC_ROOT_CLASS = YES_ERROR;
				CLANG_WARN_RANGE_LOOP_ANALYSIS = YES;
				CLANG_WARN_STRICT_PROTOTYPES = YES;
				CLANG_WARN_SUSPICIOUS_MOVE = YES;
				CLANG_WARN_UNGUARDED_AVAILABILITY = YES_AGGRESSIVE;
				CLANG_WARN_UNREACHABLE_CODE = YES;
				CLANG_WARN__DUPLICATE_METHOD_MATCH = YES;
				CODE_SIGN_IDENTITY = "iPhone Developer";
				COPY_PHASE_STRIP = NO;
				DEBUG_INFORMATION_FORMAT = dwarf;
				ENABLE_STRICT_OBJC_MSGSEND = YES;
				ENABLE_TESTABILITY = YES;
				GCC_C_LANGUAGE_STANDARD = gnu11;
				GCC_DYNAMIC_NO_PIC = NO;
				GCC_NO_COMMON_BLOCKS = YES;
				GCC_OPTIMIZATION_LEVEL = 0;
				GCC_PREPROCESSOR_DEFINITIONS = (
					"DEBUG=1",
					"$(inherited)",
				);
				GCC_WARN_64_TO_32_BIT_CONVERSION = YES;
				GCC_WARN_ABOUT_RETURN_TYPE = YES_ERROR;
				GCC_WARN_UNDECLARED_SELECTOR = YES;
				GCC_WARN_UNINITIALIZED_AUTOS = YES_AGGRESSIVE;
				GCC_WARN_UNUSED_FUNCTION = YES;
				GCC_WARN_UNUSED_VARIABLE = YES;
				IPHONEOS_DEPLOYMENT_TARGET = 12.0;
				MTL_ENABLE_DEBUG_INFO = INCLUDE_SOURCE;
				MTL_FAST_MATH = YES;
				ONLY_ACTIVE_ARCH = YES;
				SDKROOT = iphoneos;
				SWIFT_ACTIVE_COMPILATION_CONDITIONS = DEBUG;
				SWIFT_OPTIMIZATION_LEVEL = "-Onone";
			};
			name = Debug;
		};
		EF7EF4AA21873ABD005053CE /* Release */ = {
			isa = XCBuildConfiguration;
			buildSettings = {
				ALWAYS_SEARCH_USER_PATHS = NO;
				CLANG_ANALYZER_NONNULL = YES;
				CLANG_ANALYZER_NUMBER_OBJECT_CONVERSION = YES_AGGRESSIVE;
				CLANG_CXX_LANGUAGE_STANDARD = "gnu++14";
				CLANG_CXX_LIBRARY = "libc++";
				CLANG_ENABLE_MODULES = YES;
				CLANG_ENABLE_OBJC_ARC = YES;
				CLANG_ENABLE_OBJC_WEAK = YES;
				CLANG_WARN_BLOCK_CAPTURE_AUTORELEASING = YES;
				CLANG_WARN_BOOL_CONVERSION = YES;
				CLANG_WARN_COMMA = YES;
				CLANG_WARN_CONSTANT_CONVERSION = YES;
				CLANG_WARN_DEPRECATED_OBJC_IMPLEMENTATIONS = YES;
				CLANG_WARN_DIRECT_OBJC_ISA_USAGE = YES_ERROR;
				CLANG_WARN_DOCUMENTATION_COMMENTS = YES;
				CLANG_WARN_EMPTY_BODY = YES;
				CLANG_WARN_ENUM_CONVERSION = YES;
				CLANG_WARN_INFINITE_RECURSION = YES;
				CLANG_WARN_INT_CONVERSION = YES;
				CLANG_WARN_NON_LITERAL_NULL_CONVERSION = YES;
				CLANG_WARN_OBJC_IMPLICIT_RETAIN_SELF = YES;
				CLANG_WARN_OBJC_LITERAL_CONVERSION = YES;
				CLANG_WARN_OBJC_ROOT_CLASS = YES_ERROR;
				CLANG_WARN_RANGE_LOOP_ANALYSIS = YES;
				CLANG_WARN_STRICT_PROTOTYPES = YES;
				CLANG_WARN_SUSPICIOUS_MOVE = YES;
				CLANG_WARN_UNGUARDED_AVAILABILITY = YES_AGGRESSIVE;
				CLANG_WARN_UNREACHABLE_CODE = YES;
				CLANG_WARN__DUPLICATE_METHOD_MATCH = YES;
				CODE_SIGN_IDENTITY = "iPhone Developer";
				COPY_PHASE_STRIP = NO;
				DEBUG_INFORMATION_FORMAT = "dwarf-with-dsym";
				ENABLE_NS_ASSERTIONS = NO;
				ENABLE_STRICT_OBJC_MSGSEND = YES;
				GCC_C_LANGUAGE_STANDARD = gnu11;
				GCC_NO_COMMON_BLOCKS = YES;
				GCC_WARN_64_TO_32_BIT_CONVERSION = YES;
				GCC_WARN_ABOUT_RETURN_TYPE = YES_ERROR;
				GCC_WARN_UNDECLARED_SELECTOR = YES;
				GCC_WARN_UNINITIALIZED_AUTOS = YES_AGGRESSIVE;
				GCC_WARN_UNUSED_FUNCTION = YES;
				GCC_WARN_UNUSED_VARIABLE = YES;
				IPHONEOS_DEPLOYMENT_TARGET = 12.0;
				MTL_ENABLE_DEBUG_INFO = NO;
				MTL_FAST_MATH = YES;
				SDKROOT = iphoneos;
				SWIFT_COMPILATION_MODE = wholemodule;
				SWIFT_OPTIMIZATION_LEVEL = "-O";
				VALIDATE_PRODUCT = YES;
			};
			name = Release;
		};
		EF7EF4AC21873ABD005053CE /* Debug */ = {
			isa = XCBuildConfiguration;
			buildSettings = {
				ASSETCATALOG_COMPILER_APPICON_NAME = AppIcon;
				CODE_SIGN_STYLE = Automatic;
				DEVELOPMENT_TEAM = "";
				FRAMEWORK_SEARCH_PATHS = (
					"$(inherited)",
					"$(PROJECT_DIR)/Carthage/Build/iOS",
				);
				INFOPLIST_FILE = testRealm1029/Info.plist;
				LD_RUNPATH_SEARCH_PATHS = (
					"$(inherited)",
					"@executable_path/Frameworks",
				);
				PRODUCT_BUNDLE_IDENTIFIER = com.me.yuta.tak.kkksdsf.testRealm1029;
				PRODUCT_NAME = "$(TARGET_NAME)";
				SWIFT_VERSION = 4.2;
				TARGETED_DEVICE_FAMILY = "1,2";
			};
			name = Debug;
		};
		EF7EF4AD21873ABD005053CE /* Release */ = {
			isa = XCBuildConfiguration;
			buildSettings = {
				ASSETCATALOG_COMPILER_APPICON_NAME = AppIcon;
				CODE_SIGN_STYLE = Automatic;
				DEVELOPMENT_TEAM = "";
				FRAMEWORK_SEARCH_PATHS = (
					"$(inherited)",
					"$(PROJECT_DIR)/Carthage/Build/iOS",
				);
				INFOPLIST_FILE = testRealm1029/Info.plist;
				LD_RUNPATH_SEARCH_PATHS = (
					"$(inherited)",
					"@executable_path/Frameworks",
				);
				PRODUCT_BUNDLE_IDENTIFIER = com.me.yuta.tak.kkksdsf.testRealm1029;
				PRODUCT_NAME = "$(TARGET_NAME)";
				SWIFT_VERSION = 4.2;
				TARGETED_DEVICE_FAMILY = "1,2";
			};
			name = Release;
		};
/* End XCBuildConfiguration section */

/* Begin XCConfigurationList section */
		EF7EF49421873AB8005053CE /* Build configuration list for PBXProject "testRealm1029" */ = {
			isa = XCConfigurationList;
			buildConfigurations = (
				EF7EF4A921873ABD005053CE /* Debug */,
				EF7EF4AA21873ABD005053CE /* Release */,
			);
			defaultConfigurationIsVisible = 0;
			defaultConfigurationName = Release;
		};
		EF7EF4AB21873ABD005053CE /* Build configuration list for PBXNativeTarget "testRealm1029" */ = {
			isa = XCConfigurationList;
			buildConfigurations = (
				EF7EF4AC21873ABD005053CE /* Debug */,
				EF7EF4AD21873ABD005053CE /* Release */,
			);
			defaultConfigurationIsVisible = 0;
			defaultConfigurationName = Release;
		};
/* End XCConfigurationList section */
	};
	rootObject = EF7EF49121873AB8005053CE /* Project object */;
}
